github.com/goghcrow/go-parsec v0.0.0-20221101193902-b64feffb7284 h1:ImDs4OnvIlGxGHFuK6Pgr+qO9Uoj6uYHpbpEnpC7NjQ=
github.com/goghcrow/go-parsec v0.0.0-20221101193902-b64feffb7284/go.mod h1:95CRPUQY4MNgbROBPrDM2rDeGq27crmi07dgTjN13EE=
github.com/goghcrow/go-parsec v0.0.0-20221102180356-2abda76c2612 h1:gA0SudlAgfXeKrOsRLn5a5dwmXR/1GikOaUy58cfELg=
github.com/goghcrow/go-parsec v0.0.0-20221102180356-2abda76c2612/go.mod h1:95CRPUQY4MNgbROBPrDM2rDeGq27crmi07dgTjN13EE=
